// !$*UTF8*$!
{
	archiveVersion = 1;
	classes = {
	};
	objectVersion = 45;
	objects = {

/* Begin PBXBuildFile section */
		AA747D9F0F9514B9006C5449 /* FTUtils_Prefix.pch in Headers */ = {isa = PBXBuildFile; fileRef = AA747D9E0F9514B9006C5449 /* FTUtils_Prefix.pch */; };
		DF287AAE0FE19638001E9F62 /* CoreGraphics.framework in Frameworks */ = {isa = PBXBuildFile; fileRef = DF287AA20FE19638001E9F62 /* CoreGraphics.framework */; };
		DF287AAF0FE19638001E9F62 /* Foundation.framework in Frameworks */ = {isa = PBXBuildFile; fileRef = DF287AA30FE19638001E9F62 /* Foundation.framework */; };
		DF287AB00FE19638001E9F62 /* QuartzCore.framework in Frameworks */ = {isa = PBXBuildFile; fileRef = DF287AA40FE19638001E9F62 /* QuartzCore.framework */; };
		DF287AB10FE19638001E9F62 /* UIKit.framework in Frameworks */ = {isa = PBXBuildFile; fileRef = DF287AA50FE19638001E9F62 /* UIKit.framework */; };
		DF2962EE0FE18E0000B9D71D /* FTAnimationManager.h in Headers */ = {isa = PBXBuildFile; fileRef = DF2962E40FE18E0000B9D71D /* FTAnimationManager.h */; };
		DF2962EF0FE18E0000B9D71D /* FTJSONParser.h in Headers */ = {isa = PBXBuildFile; fileRef = DF2962E50FE18E0000B9D71D /* FTJSONParser.h */; };
		DF2962F00FE18E0000B9D71D /* FTJSONWriter.h in Headers */ = {isa = PBXBuildFile; fileRef = DF2962E60FE18E0000B9D71D /* FTJSONWriter.h */; };
		DF2962F20FE18E0000B9D71D /* FTAnimationManager.m in Sources */ = {isa = PBXBuildFile; fileRef = DF2962E90FE18E0000B9D71D /* FTAnimationManager.m */; };
		DF2962F30FE18E0000B9D71D /* FTJSONParser.m in Sources */ = {isa = PBXBuildFile; fileRef = DF2962EA0FE18E0000B9D71D /* FTJSONParser.m */; };
		DF2962F40FE18E0000B9D71D /* FTJSONWriter.m in Sources */ = {isa = PBXBuildFile; fileRef = DF2962EB0FE18E0000B9D71D /* FTJSONWriter.m */; };
		DF29631F0FE18F3F00B9D71D /* libyajl_iphone.a in Frameworks */ = {isa = PBXBuildFile; fileRef = DF29631E0FE18F3D00B9D71D /* libyajl_iphone.a */; };
		DFE4EF141035CC4D006A7598 /* OCMock.framework in Frameworks */ = {isa = PBXBuildFile; fileRef = DFE4EF131035CC4D006A7598 /* OCMock.framework */; };
		DFE4EF1C1035CC97006A7598 /* OCMock.framework in Copy OCMock */ = {isa = PBXBuildFile; fileRef = DFE4EF131035CC4D006A7598 /* OCMock.framework */; };
		DFE4EF241035CCC1006A7598 /* TestFTAnimationManager.m in Sources */ = {isa = PBXBuildFile; fileRef = DF2962E10FE18E0000B9D71D /* TestFTAnimationManager.m */; };
		DFE4EF251035CCC1006A7598 /* TestFTJSON.m in Sources */ = {isa = PBXBuildFile; fileRef = DF2962E20FE18E0000B9D71D /* TestFTJSON.m */; };
		DFE4EF261035CCC5006A7598 /* FTJSONTestData.plist in Resources */ = {isa = PBXBuildFile; fileRef = DF2962E00FE18E0000B9D71D /* FTJSONTestData.plist */; };
		DFE4EFE21035CCCD006A7598 /* CoreGraphics.framework in Frameworks */ = {isa = PBXBuildFile; fileRef = DF287AA20FE19638001E9F62 /* CoreGraphics.framework */; };
		DFE4EFE31035CCCD006A7598 /* Foundation.framework in Frameworks */ = {isa = PBXBuildFile; fileRef = DF287AA30FE19638001E9F62 /* Foundation.framework */; };
		DFE4EFE41035CCCD006A7598 /* QuartzCore.framework in Frameworks */ = {isa = PBXBuildFile; fileRef = DF287AA40FE19638001E9F62 /* QuartzCore.framework */; };
		DFE4EFE51035CCCD006A7598 /* UIKit.framework in Frameworks */ = {isa = PBXBuildFile; fileRef = DF287AA50FE19638001E9F62 /* UIKit.framework */; };
		DFF7F0601035CE350067ED5B /* FTAnimationManager.m in Sources */ = {isa = PBXBuildFile; fileRef = DF2962E90FE18E0000B9D71D /* FTAnimationManager.m */; };
		DFF7F0611035CE350067ED5B /* FTJSONParser.m in Sources */ = {isa = PBXBuildFile; fileRef = DF2962EA0FE18E0000B9D71D /* FTJSONParser.m */; };
		DFF7F0621035CE350067ED5B /* FTJSONWriter.m in Sources */ = {isa = PBXBuildFile; fileRef = DF2962EB0FE18E0000B9D71D /* FTJSONWriter.m */; };
		DFF7F0641035CE440067ED5B /* libyajl_iphone.a in Frameworks */ = {isa = PBXBuildFile; fileRef = DF29631E0FE18F3D00B9D71D /* libyajl_iphone.a */; };
		DFFBF80A10ADF405008DB0B9 /* FTUtils+NSObject.m in Sources */ = {isa = PBXBuildFile; fileRef = DFFBF80910ADF405008DB0B9 /* FTUtils+NSObject.m */; };
/* End PBXBuildFile section */

/* Begin PBXContainerItemProxy section */
		DF287F340FE19DAA001E9F62 /* PBXContainerItemProxy */ = {
			isa = PBXContainerItemProxy;
			containerPortal = DF2963170FE18F3D00B9D71D /* yajl_iphone.xcodeproj */;
			proxyType = 1;
			remoteGlobalIDString = D2AAC045055464E500DB518D;
			remoteInfo = libyajl;
		};
		DF29631D0FE18F3D00B9D71D /* PBXContainerItemProxy */ = {
			isa = PBXContainerItemProxy;
			containerPortal = DF2963170FE18F3D00B9D71D /* yajl_iphone.xcodeproj */;
			proxyType = 2;
			remoteGlobalIDString = D2AAC046055464E500DB518D;
			remoteInfo = libyajl;
		};
		DFF7F0651035CE540067ED5B /* PBXContainerItemProxy */ = {
			isa = PBXContainerItemProxy;
			containerPortal = DF2963170FE18F3D00B9D71D /* yajl_iphone.xcodeproj */;
			proxyType = 1;
			remoteGlobalIDString = D2AAC045055464E500DB518D;
			remoteInfo = libyajl;
		};
		DFFBF86110ADF7A1008DB0B9 /* PBXContainerItemProxy */ = {
			isa = PBXContainerItemProxy;
			containerPortal = 0867D690FE84028FC02AAC07 /* Project object */;
			proxyType = 1;
			remoteGlobalIDString = DFE4EF0A1035CBCB006A7598 /* UnitTests */;
			remoteInfo = UnitTests;
		};
/* End PBXContainerItemProxy section */

/* Begin PBXCopyFilesBuildPhase section */
		DFE4EF1B1035CC68006A7598 /* Copy OCMock */ = {
			isa = PBXCopyFilesBuildPhase;
			buildActionMask = 2147483647;
			dstPath = "$(BUILT_PRODUCTS_DIR)";
			dstSubfolderSpec = 0;
			files = (
				DFE4EF1C1035CC97006A7598 /* OCMock.framework in Copy OCMock */,
			);
			name = "Copy OCMock";
			runOnlyForDeploymentPostprocessing = 0;
		};
/* End PBXCopyFilesBuildPhase section */

/* Begin PBXFileReference section */
		AA747D9E0F9514B9006C5449 /* FTUtils_Prefix.pch */ = {isa = PBXFileReference; fileEncoding = 4; lastKnownFileType = sourcecode.c.h; path = FTUtils_Prefix.pch; sourceTree = SOURCE_ROOT; };
		D2AAC07E0554694100DB518D /* libFTUtils.a */ = {isa = PBXFileReference; explicitFileType = archive.ar; includeInIndex = 0; path = libFTUtils.a; sourceTree = BUILT_PRODUCTS_DIR; };
		DF2879B50FE192A1001E9F62 /* Info.plist */ = {isa = PBXFileReference; lastKnownFileType = text.plist.xml; path = Info.plist; sourceTree = "<group>"; };
		DF287AA20FE19638001E9F62 /* CoreGraphics.framework */ = {isa = PBXFileReference; lastKnownFileType = wrapper.framework; name = CoreGraphics.framework; path = System/Library/Frameworks/CoreGraphics.framework; sourceTree = SDKROOT; };
		DF287AA30FE19638001E9F62 /* Foundation.framework */ = {isa = PBXFileReference; lastKnownFileType = wrapper.framework; name = Foundation.framework; path = System/Library/Frameworks/Foundation.framework; sourceTree = SDKROOT; };
		DF287AA40FE19638001E9F62 /* QuartzCore.framework */ = {isa = PBXFileReference; lastKnownFileType = wrapper.framework; name = QuartzCore.framework; path = System/Library/Frameworks/QuartzCore.framework; sourceTree = SDKROOT; };
		DF287AA50FE19638001E9F62 /* UIKit.framework */ = {isa = PBXFileReference; lastKnownFileType = wrapper.framework; name = UIKit.framework; path = System/Library/Frameworks/UIKit.framework; sourceTree = SDKROOT; };
		DF2962E00FE18E0000B9D71D /* FTJSONTestData.plist */ = {isa = PBXFileReference; fileEncoding = 4; lastKnownFileType = text.plist.xml; path = FTJSONTestData.plist; sourceTree = "<group>"; };
		DF2962E10FE18E0000B9D71D /* TestFTAnimationManager.m */ = {isa = PBXFileReference; fileEncoding = 4; lastKnownFileType = sourcecode.c.objc; path = TestFTAnimationManager.m; sourceTree = "<group>"; };
		DF2962E20FE18E0000B9D71D /* TestFTJSON.m */ = {isa = PBXFileReference; fileEncoding = 4; lastKnownFileType = sourcecode.c.objc; path = TestFTJSON.m; sourceTree = "<group>"; };
		DF2962E40FE18E0000B9D71D /* FTAnimationManager.h */ = {isa = PBXFileReference; fileEncoding = 4; lastKnownFileType = sourcecode.c.h; name = FTAnimationManager.h; path = FTUtils/FTAnimationManager.h; sourceTree = "<group>"; };
		DF2962E50FE18E0000B9D71D /* FTJSONParser.h */ = {isa = PBXFileReference; fileEncoding = 4; lastKnownFileType = sourcecode.c.h; name = FTJSONParser.h; path = FTUtils/FTJSONParser.h; sourceTree = "<group>"; };
		DF2962E60FE18E0000B9D71D /* FTJSONWriter.h */ = {isa = PBXFileReference; fileEncoding = 4; lastKnownFileType = sourcecode.c.h; name = FTJSONWriter.h; path = FTUtils/FTJSONWriter.h; sourceTree = "<group>"; };
		DF2962E90FE18E0000B9D71D /* FTAnimationManager.m */ = {isa = PBXFileReference; fileEncoding = 4; lastKnownFileType = sourcecode.c.objc; path = FTAnimationManager.m; sourceTree = "<group>"; };
		DF2962EA0FE18E0000B9D71D /* FTJSONParser.m */ = {isa = PBXFileReference; fileEncoding = 4; lastKnownFileType = sourcecode.c.objc; path = FTJSONParser.m; sourceTree = "<group>"; };
		DF2962EB0FE18E0000B9D71D /* FTJSONWriter.m */ = {isa = PBXFileReference; fileEncoding = 4; lastKnownFileType = sourcecode.c.objc; path = FTJSONWriter.m; sourceTree = "<group>"; };
		DF2963170FE18F3D00B9D71D /* yajl_iphone.xcodeproj */ = {isa = PBXFileReference; lastKnownFileType = "wrapper.pb-project"; name = yajl_iphone.xcodeproj; path = Support/yajl/yajl_iphone/yajl_iphone.xcodeproj; sourceTree = SOURCE_ROOT; };
		DF6D06470FE1A6F200CC44C6 /* README.mdown */ = {isa = PBXFileReference; fileEncoding = 4; lastKnownFileType = text; path = README.mdown; sourceTree = "<group>"; };
		DFE4EF0B1035CBCB006A7598 /* UnitTests.octest */ = {isa = PBXFileReference; explicitFileType = wrapper.cfbundle; includeInIndex = 0; path = UnitTests.octest; sourceTree = BUILT_PRODUCTS_DIR; };
		DFE4EF0C1035CBCB006A7598 /* UnitTests-Info.plist */ = {isa = PBXFileReference; lastKnownFileType = text.plist.xml; path = "UnitTests-Info.plist"; sourceTree = "<group>"; };
		DFE4EF131035CC4D006A7598 /* OCMock.framework */ = {isa = PBXFileReference; lastKnownFileType = wrapper.framework; name = OCMock.framework; path = Support/OCMock.framework; sourceTree = "<group>"; };
		DFFBF80810ADF405008DB0B9 /* FTUtils+NSObject.h */ = {isa = PBXFileReference; fileEncoding = 4; lastKnownFileType = sourcecode.c.h; name = "FTUtils+NSObject.h"; path = "FTUtils/FTUtils+NSObject.h"; sourceTree = "<group>"; };
		DFFBF80910ADF405008DB0B9 /* FTUtils+NSObject.m */ = {isa = PBXFileReference; fileEncoding = 4; lastKnownFileType = sourcecode.c.objc; path = "FTUtils+NSObject.m"; sourceTree = "<group>"; };
		DFFBF82610ADF55A008DB0B9 /* FTUtils.h */ = {isa = PBXFileReference; fileEncoding = 4; lastKnownFileType = sourcecode.c.h; name = FTUtils.h; path = FTUtils/FTUtils.h; sourceTree = "<group>"; };
/* End PBXFileReference section */

/* Begin PBXFrameworksBuildPhase section */
		D2AAC07C0554694100DB518D /* Frameworks */ = {
			isa = PBXFrameworksBuildPhase;
			buildActionMask = 2147483647;
			files = (
				DF29631F0FE18F3F00B9D71D /* libyajl_iphone.a in Frameworks */,
				DF287AAE0FE19638001E9F62 /* CoreGraphics.framework in Frameworks */,
				DF287AAF0FE19638001E9F62 /* Foundation.framework in Frameworks */,
				DF287AB00FE19638001E9F62 /* QuartzCore.framework in Frameworks */,
				DF287AB10FE19638001E9F62 /* UIKit.framework in Frameworks */,
			);
			runOnlyForDeploymentPostprocessing = 0;
		};
		DFE4EF081035CBCB006A7598 /* Frameworks */ = {
			isa = PBXFrameworksBuildPhase;
			buildActionMask = 2147483647;
			files = (
				DFE4EFE21035CCCD006A7598 /* CoreGraphics.framework in Frameworks */,
				DFE4EFE31035CCCD006A7598 /* Foundation.framework in Frameworks */,
				DFE4EFE41035CCCD006A7598 /* QuartzCore.framework in Frameworks */,
				DFE4EFE51035CCCD006A7598 /* UIKit.framework in Frameworks */,
				DFE4EF141035CC4D006A7598 /* OCMock.framework in Frameworks */,
				DFF7F0641035CE440067ED5B /* libyajl_iphone.a in Frameworks */,
			);
			runOnlyForDeploymentPostprocessing = 0;
		};
/* End PBXFrameworksBuildPhase section */

/* Begin PBXGroup section */
		034768DFFF38A50411DB9C8B /* Products */ = {
			isa = PBXGroup;
			children = (
				D2AAC07E0554694100DB518D /* libFTUtils.a */,
				DFE4EF0B1035CBCB006A7598 /* UnitTests.octest */,
			);
			name = Products;
			sourceTree = "<group>";
		};
		0867D691FE84028FC02AAC07 /* FTUtils */ = {
			isa = PBXGroup;
			children = (
				DF6D06470FE1A6F200CC44C6 /* README.mdown */,
				DF2962E30FE18E0000B9D71D /* Headers */,
				DF2962E80FE18E0000B9D71D /* Classes */,
				DF2962DE0FE18E0000B9D71D /* Tests */,
				32C88DFF0371C24200C91783 /* Other Sources */,
				DF29630D0FE18F2600B9D71D /* Support */,
				0867D69AFE84028FC02AAC07 /* Frameworks */,
				034768DFFF38A50411DB9C8B /* Products */,
				DF2879B50FE192A1001E9F62 /* Info.plist */,
				DFE4EF0C1035CBCB006A7598 /* UnitTests-Info.plist */,
			);
			name = FTUtils;
			sourceTree = "<group>";
		};
		0867D69AFE84028FC02AAC07 /* Frameworks */ = {
			isa = PBXGroup;
			children = (
				DF287AA20FE19638001E9F62 /* CoreGraphics.framework */,
				DF287AA30FE19638001E9F62 /* Foundation.framework */,
				DF287AA40FE19638001E9F62 /* QuartzCore.framework */,
				DF287AA50FE19638001E9F62 /* UIKit.framework */,
			);
			name = Frameworks;
			sourceTree = "<group>";
		};
		32C88DFF0371C24200C91783 /* Other Sources */ = {
			isa = PBXGroup;
			children = (
				AA747D9E0F9514B9006C5449 /* FTUtils_Prefix.pch */,
			);
			name = "Other Sources";
			sourceTree = "<group>";
		};
		DF2962DE0FE18E0000B9D71D /* Tests */ = {
			isa = PBXGroup;
			children = (
				DF2962DF0FE18E0000B9D71D /* TestData */,
				DF2962E10FE18E0000B9D71D /* TestFTAnimationManager.m */,
				DF2962E20FE18E0000B9D71D /* TestFTJSON.m */,
			);
			path = Tests;
			sourceTree = "<group>";
		};
		DF2962DF0FE18E0000B9D71D /* TestData */ = {
			isa = PBXGroup;
			children = (
				DF2962E00FE18E0000B9D71D /* FTJSONTestData.plist */,
			);
			path = TestData;
			sourceTree = "<group>";
		};
		DF2962E30FE18E0000B9D71D /* Headers */ = {
			isa = PBXGroup;
			children = (
				DFFBF82610ADF55A008DB0B9 /* FTUtils.h */,
				DF2962E40FE18E0000B9D71D /* FTAnimationManager.h */,
				DF2962E50FE18E0000B9D71D /* FTJSONParser.h */,
				DF2962E60FE18E0000B9D71D /* FTJSONWriter.h */,
				DFFBF80810ADF405008DB0B9 /* FTUtils+NSObject.h */,
			);
			path = Headers;
			sourceTree = "<group>";
		};
		DF2962E80FE18E0000B9D71D /* Classes */ = {
			isa = PBXGroup;
			children = (
				DF2962E90FE18E0000B9D71D /* FTAnimationManager.m */,
				DF2962EA0FE18E0000B9D71D /* FTJSONParser.m */,
				DF2962EB0FE18E0000B9D71D /* FTJSONWriter.m */,
				DFFBF80910ADF405008DB0B9 /* FTUtils+NSObject.m */,
			);
			path = Classes;
			sourceTree = "<group>";
		};
		DF29630D0FE18F2600B9D71D /* Support */ = {
			isa = PBXGroup;
			children = (
				DFE4EF131035CC4D006A7598 /* OCMock.framework */,
				DF2963170FE18F3D00B9D71D /* yajl_iphone.xcodeproj */,
			);
			name = Support;
			sourceTree = "<group>";
		};
		DF29631A0FE18F3D00B9D71D /* Products */ = {
			isa = PBXGroup;
			children = (
				DF29631E0FE18F3D00B9D71D /* libyajl_iphone.a */,
			);
			name = Products;
			sourceTree = "<group>";
		};
/* End PBXGroup section */

/* Begin PBXHeadersBuildPhase section */
		D2AAC07A0554694100DB518D /* Headers */ = {
			isa = PBXHeadersBuildPhase;
			buildActionMask = 2147483647;
			files = (
				AA747D9F0F9514B9006C5449 /* FTUtils_Prefix.pch in Headers */,
				DF2962EE0FE18E0000B9D71D /* FTAnimationManager.h in Headers */,
				DF2962EF0FE18E0000B9D71D /* FTJSONParser.h in Headers */,
				DF2962F00FE18E0000B9D71D /* FTJSONWriter.h in Headers */,
			);
			runOnlyForDeploymentPostprocessing = 0;
		};
/* End PBXHeadersBuildPhase section */

/* Begin PBXNativeTarget section */
		D2AAC07D0554694100DB518D /* FTUtils */ = {
			isa = PBXNativeTarget;
			buildConfigurationList = 1DEB921E08733DC00010E9CD /* Build configuration list for PBXNativeTarget "FTUtils" */;
			buildPhases = (
				D2AAC07A0554694100DB518D /* Headers */,
				D2AAC07B0554694100DB518D /* Sources */,
				D2AAC07C0554694100DB518D /* Frameworks */,
			);
			buildRules = (
			);
			dependencies = (
				DF287F350FE19DAA001E9F62 /* PBXTargetDependency */,
				DFFBF86210ADF7A1008DB0B9 /* PBXTargetDependency */,
			);
			name = FTUtils;
			productName = FTUtils;
			productReference = D2AAC07E0554694100DB518D /* libFTUtils.a */;
			productType = "com.apple.product-type.library.static";
		};
		DFE4EF0A1035CBCB006A7598 /* UnitTests */ = {
			isa = PBXNativeTarget;
			buildConfigurationList = DFE4EF0F1035CBCC006A7598 /* Build configuration list for PBXNativeTarget "UnitTests" */;
			buildPhases = (
				DFE4EF061035CBCB006A7598 /* Resources */,
				DFE4EF071035CBCB006A7598 /* Sources */,
				DFE4EF1B1035CC68006A7598 /* Copy OCMock */,
				DFE4EF081035CBCB006A7598 /* Frameworks */,
				DFE4EF091035CBCB006A7598 /* ShellScript */,
			);
			buildRules = (
			);
			dependencies = (
				DFF7F0661035CE540067ED5B /* PBXTargetDependency */,
			);
			name = UnitTests;
			productName = UnitTests;
			productReference = DFE4EF0B1035CBCB006A7598 /* UnitTests.octest */;
			productType = "com.apple.product-type.bundle";
		};
/* End PBXNativeTarget section */

/* Begin PBXProject section */
		0867D690FE84028FC02AAC07 /* Project object */ = {
			isa = PBXProject;
			buildConfigurationList = 1DEB922208733DC00010E9CD /* Build configuration list for PBXProject "FTUtils" */;
			compatibilityVersion = "Xcode 3.1";
			hasScannedForEncodings = 1;
			mainGroup = 0867D691FE84028FC02AAC07 /* FTUtils */;
			productRefGroup = 034768DFFF38A50411DB9C8B /* Products */;
			projectDirPath = "";
			projectReferences = (
				{
					ProductGroup = DF29631A0FE18F3D00B9D71D /* Products */;
					ProjectRef = DF2963170FE18F3D00B9D71D /* yajl_iphone.xcodeproj */;
				},
			);
			projectRoot = "";
			targets = (
				D2AAC07D0554694100DB518D /* FTUtils */,
				DFE4EF0A1035CBCB006A7598 /* UnitTests */,
			);
		};
/* End PBXProject section */

/* Begin PBXReferenceProxy section */
		DF29631E0FE18F3D00B9D71D /* libyajl_iphone.a */ = {
			isa = PBXReferenceProxy;
			fileType = archive.ar;
			path = libyajl_iphone.a;
			remoteRef = DF29631D0FE18F3D00B9D71D /* PBXContainerItemProxy */;
			sourceTree = BUILT_PRODUCTS_DIR;
		};
/* End PBXReferenceProxy section */

/* Begin PBXResourcesBuildPhase section */
		DFE4EF061035CBCB006A7598 /* Resources */ = {
			isa = PBXResourcesBuildPhase;
			buildActionMask = 2147483647;
			files = (
				DFE4EF261035CCC5006A7598 /* FTJSONTestData.plist in Resources */,
			);
			runOnlyForDeploymentPostprocessing = 0;
		};
/* End PBXResourcesBuildPhase section */

/* Begin PBXShellScriptBuildPhase section */
		DFE4EF091035CBCB006A7598 /* ShellScript */ = {
			isa = PBXShellScriptBuildPhase;
			buildActionMask = 2147483647;
			files = (
			);
			inputPaths = (
			);
			outputPaths = (
			);
			runOnlyForDeploymentPostprocessing = 0;
			shellPath = /bin/sh;
			shellScript = "# Run the unit tests in this test bundle.\n\"${SYSTEM_DEVELOPER_DIR}/Tools/RunUnitTests\"\n";
		};
/* End PBXShellScriptBuildPhase section */

/* Begin PBXSourcesBuildPhase section */
		D2AAC07B0554694100DB518D /* Sources */ = {
			isa = PBXSourcesBuildPhase;
			buildActionMask = 2147483647;
			files = (
				DF2962F20FE18E0000B9D71D /* FTAnimationManager.m in Sources */,
				DF2962F30FE18E0000B9D71D /* FTJSONParser.m in Sources */,
				DF2962F40FE18E0000B9D71D /* FTJSONWriter.m in Sources */,
			);
			runOnlyForDeploymentPostprocessing = 0;
		};
		DFE4EF071035CBCB006A7598 /* Sources */ = {
			isa = PBXSourcesBuildPhase;
			buildActionMask = 2147483647;
			files = (
				DFE4EF241035CCC1006A7598 /* TestFTAnimationManager.m in Sources */,
				DFE4EF251035CCC1006A7598 /* TestFTJSON.m in Sources */,
				DFF7F0601035CE350067ED5B /* FTAnimationManager.m in Sources */,
				DFF7F0611035CE350067ED5B /* FTJSONParser.m in Sources */,
				DFF7F0621035CE350067ED5B /* FTJSONWriter.m in Sources */,
				DFFBF80A10ADF405008DB0B9 /* FTUtils+NSObject.m in Sources */,
			);
			runOnlyForDeploymentPostprocessing = 0;
		};
/* End PBXSourcesBuildPhase section */

/* Begin PBXTargetDependency section */
		DF287F350FE19DAA001E9F62 /* PBXTargetDependency */ = {
			isa = PBXTargetDependency;
			name = libyajl;
			targetProxy = DF287F340FE19DAA001E9F62 /* PBXContainerItemProxy */;
		};
		DFF7F0661035CE540067ED5B /* PBXTargetDependency */ = {
			isa = PBXTargetDependency;
			name = libyajl;
			targetProxy = DFF7F0651035CE540067ED5B /* PBXContainerItemProxy */;
		};
		DFFBF86210ADF7A1008DB0B9 /* PBXTargetDependency */ = {
			isa = PBXTargetDependency;
			target = DFE4EF0A1035CBCB006A7598 /* UnitTests */;
			targetProxy = DFFBF86110ADF7A1008DB0B9 /* PBXContainerItemProxy */;
		};
/* End PBXTargetDependency section */

/* Begin XCBuildConfiguration section */
		1DEB921F08733DC00010E9CD /* Debug */ = {
			isa = XCBuildConfiguration;
			buildSettings = {
				ALWAYS_SEARCH_USER_PATHS = NO;
				ARCHS = "$(ARCHS_STANDARD_32_BIT)";
				COPY_PHASE_STRIP = NO;
				DSTROOT = /tmp/FTUtils.dst;
				FRAMEWORK_SEARCH_PATHS = (
					"$(inherited)",
					/Developer/Platforms/iPhoneOS.platform/Developer/SDKs/iPhoneOS2.2.sdk/System/Library/Frameworks,
				);
				GCC_DYNAMIC_NO_PIC = NO;
				GCC_ENABLE_FIX_AND_CONTINUE = YES;
				GCC_MODEL_TUNING = G5;
				GCC_OPTIMIZATION_LEVEL = 0;
				GCC_PRECOMPILE_PREFIX_HEADER = YES;
				GCC_PREFIX_HEADER = FTUtils_Prefix.pch;
				INSTALL_PATH = /usr/local/lib;
				PRODUCT_NAME = FTUtils;
			};
			name = Debug;
		};
		1DEB922008733DC00010E9CD /* Release */ = {
			isa = XCBuildConfiguration;
			buildSettings = {
				ALWAYS_SEARCH_USER_PATHS = NO;
				ARCHS = "$(ARCHS_STANDARD_32_BIT)";
				DSTROOT = /tmp/FTUtils.dst;
				FRAMEWORK_SEARCH_PATHS = (
					"$(inherited)",
					/Developer/Platforms/iPhoneOS.platform/Developer/SDKs/iPhoneOS2.2.sdk/System/Library/Frameworks,
				);
				GCC_MODEL_TUNING = G5;
				GCC_PRECOMPILE_PREFIX_HEADER = YES;
				GCC_PREFIX_HEADER = FTUtils_Prefix.pch;
				INSTALL_PATH = /usr/local/lib;
				PRODUCT_NAME = FTUtils;
			};
			name = Release;
		};
		1DEB922308733DC00010E9CD /* Debug */ = {
			isa = XCBuildConfiguration;
			buildSettings = {
				ARCHS = "$(ARCHS_STANDARD_32_BIT)";
				GCC_C_LANGUAGE_STANDARD = c99;
				GCC_OPTIMIZATION_LEVEL = 0;
				GCC_WARN_ABOUT_RETURN_TYPE = YES;
				GCC_WARN_UNUSED_VARIABLE = YES;
				HEADER_SEARCH_PATHS = (
					Headers/,
					Support/yajl/yajl_iphone/,
				);
				OTHER_LDFLAGS = "-ObjC";
				PREBINDING = NO;
				SDKROOT = iphonesimulator3.0;
			};
			name = Debug;
		};
		1DEB922408733DC00010E9CD /* Release */ = {
			isa = XCBuildConfiguration;
			buildSettings = {
				ARCHS = "$(ARCHS_STANDARD_32_BIT)";
				GCC_C_LANGUAGE_STANDARD = c99;
				GCC_WARN_ABOUT_RETURN_TYPE = YES;
				GCC_WARN_UNUSED_VARIABLE = YES;
				HEADER_SEARCH_PATHS = (
					Headers/,
					Support/yajl/yajl_iphone/,
				);
				OTHER_LDFLAGS = "-ObjC";
				PREBINDING = NO;
				SDKROOT = iphoneos3.0;
			};
			name = Release;
		};
		DFE4EF0D1035CBCB006A7598 /* Debug */ = {
			isa = XCBuildConfiguration;
			buildSettings = {
				ALWAYS_SEARCH_USER_PATHS = NO;
				COPY_PHASE_STRIP = NO;
				FRAMEWORK_SEARCH_PATHS = (
					"$(DEVELOPER_LIBRARY_DIR)/Frameworks",
					"\"$(SRCROOT)/Support\"",
				);
				GCC_DYNAMIC_NO_PIC = NO;
				GCC_ENABLE_FIX_AND_CONTINUE = NO;
				GCC_ENABLE_OBJC_EXCEPTIONS = YES;
				GCC_OPTIMIZATION_LEVEL = 0;
				INFOPLIST_FILE = "UnitTests-Info.plist";
				OTHER_LDFLAGS = (
					"-framework",
					Foundation,
					"-framework",
					SenTestingKit,
					"-framework",
					UIKit,
				);
				PREBINDING = NO;
				PRODUCT_NAME = UnitTests;
				SDKROOT = iphonesimulator3.0;
				WRAPPER_EXTENSION = octest;
			};
			name = Debug;
		};
		DFE4EF0E1035CBCB006A7598 /* Release */ = {
			isa = XCBuildConfiguration;
			buildSettings = {
				ALWAYS_SEARCH_USER_PATHS = NO;
				COPY_PHASE_STRIP = YES;
				DEBUG_INFORMATION_FORMAT = "dwarf-with-dsym";
				FRAMEWORK_SEARCH_PATHS = (
					"$(DEVELOPER_LIBRARY_DIR)/Frameworks",
					"\"$(SRCROOT)/Support\"",
				);
				GCC_ENABLE_FIX_AND_CONTINUE = NO;
				GCC_ENABLE_OBJC_EXCEPTIONS = YES;
				INFOPLIST_FILE = "UnitTests-Info.plist";
				OTHER_LDFLAGS = (
					"-framework",
					Foundation,
					"-framework",
					SenTestingKit,
					"-framework",
					UIKit,
				);
				PREBINDING = NO;
				PRODUCT_NAME = UnitTests;
				SDKROOT = iphonesimulator3.0;
				WRAPPER_EXTENSION = octest;
				ZERO_LINK = NO;
			};
			name = Release;
		};
/* End XCBuildConfiguration section */

/* Begin XCConfigurationList section */
		1DEB921E08733DC00010E9CD /* Build configuration list for PBXNativeTarget "FTUtils" */ = {
			isa = XCConfigurationList;
			buildConfigurations = (
				1DEB921F08733DC00010E9CD /* Debug */,
				1DEB922008733DC00010E9CD /* Release */,
			);
			defaultConfigurationIsVisible = 0;
			defaultConfigurationName = Release;
		};
		1DEB922208733DC00010E9CD /* Build configuration list for PBXProject "FTUtils" */ = {
			isa = XCConfigurationList;
			buildConfigurations = (
				1DEB922308733DC00010E9CD /* Debug */,
				1DEB922408733DC00010E9CD /* Release */,
			);
			defaultConfigurationIsVisible = 0;
			defaultConfigurationName = Release;
		};
		DFE4EF0F1035CBCC006A7598 /* Build configuration list for PBXNativeTarget "UnitTests" */ = {
			isa = XCConfigurationList;
			buildConfigurations = (
				DFE4EF0D1035CBCB006A7598 /* Debug */,
				DFE4EF0E1035CBCB006A7598 /* Release */,
			);
			defaultConfigurationIsVisible = 0;
			defaultConfigurationName = Release;
		};
/* End XCConfigurationList section */
	};
	rootObject = 0867D690FE84028FC02AAC07 /* Project object */;
}
