// !$*UTF8*$!
{
	archiveVersion = 1;
	classes = {
	};
	objectVersion = 45;
	objects = {

/* Begin PBXBuildFile section */
		DF400B120FB0EA44009B5CF4 /* yajl.c in Sources */ = {isa = PBXBuildFile; fileRef = DF400B060FB0EA44009B5CF4 /* yajl.c */; };
		DF400B130FB0EA44009B5CF4 /* yajl_alloc.c in Sources */ = {isa = PBXBuildFile; fileRef = DF400B070FB0EA44009B5CF4 /* yajl_alloc.c */; };
		DF400B150FB0EA44009B5CF4 /* yajl_buf.c in Sources */ = {isa = PBXBuildFile; fileRef = DF400B090FB0EA44009B5CF4 /* yajl_buf.c */; };
		DF400B170FB0EA44009B5CF4 /* yajl_encode.c in Sources */ = {isa = PBXBuildFile; fileRef = DF400B0B0FB0EA44009B5CF4 /* yajl_encode.c */; };
		DF400B190FB0EA44009B5CF4 /* yajl_gen.c in Sources */ = {isa = PBXBuildFile; fileRef = DF400B0D0FB0EA44009B5CF4 /* yajl_gen.c */; };
		DF400B1A0FB0EA44009B5CF4 /* yajl_lex.c in Sources */ = {isa = PBXBuildFile; fileRef = DF400B0E0FB0EA44009B5CF4 /* yajl_lex.c */; };
		DF400B1C0FB0EA44009B5CF4 /* yajl_parser.c in Sources */ = {isa = PBXBuildFile; fileRef = DF400B100FB0EA44009B5CF4 /* yajl_parser.c */; };
		DF400B210FB0EA50009B5CF4 /* yajl_common.h in Headers */ = {isa = PBXBuildFile; fileRef = DF400B1E0FB0EA50009B5CF4 /* yajl_common.h */; };
		DF400B220FB0EA50009B5CF4 /* yajl_gen.h in Headers */ = {isa = PBXBuildFile; fileRef = DF400B1F0FB0EA50009B5CF4 /* yajl_gen.h */; };
		DF400B230FB0EA50009B5CF4 /* yajl_parse.h in Headers */ = {isa = PBXBuildFile; fileRef = DF400B200FB0EA50009B5CF4 /* yajl_parse.h */; };
		DFB4D5600FC485F800A1EBEE /* yajl_bytestack.h in Headers */ = {isa = PBXBuildFile; fileRef = DFB4D55F0FC485F800A1EBEE /* yajl_bytestack.h */; };
/* End PBXBuildFile section */

/* Begin PBXFileReference section */
		D2AAC046055464E500DB518D /* libyajl_iphone.a */ = {isa = PBXFileReference; explicitFileType = archive.ar; includeInIndex = 0; path = libyajl_iphone.a; sourceTree = BUILT_PRODUCTS_DIR; };
		DF400B060FB0EA44009B5CF4 /* yajl.c */ = {isa = PBXFileReference; fileEncoding = 4; lastKnownFileType = sourcecode.c.c; name = yajl.c; path = ../src/yajl.c; sourceTree = SOURCE_ROOT; };
		DF400B070FB0EA44009B5CF4 /* yajl_alloc.c */ = {isa = PBXFileReference; fileEncoding = 4; lastKnownFileType = sourcecode.c.c; name = yajl_alloc.c; path = ../src/yajl_alloc.c; sourceTree = SOURCE_ROOT; };
		DF400B080FB0EA44009B5CF4 /* yajl_alloc.h */ = {isa = PBXFileReference; fileEncoding = 4; lastKnownFileType = sourcecode.c.h; name = yajl_alloc.h; path = ../src/yajl_alloc.h; sourceTree = SOURCE_ROOT; };
		DF400B090FB0EA44009B5CF4 /* yajl_buf.c */ = {isa = PBXFileReference; fileEncoding = 4; lastKnownFileType = sourcecode.c.c; name = yajl_buf.c; path = ../src/yajl_buf.c; sourceTree = SOURCE_ROOT; };
		DF400B0A0FB0EA44009B5CF4 /* yajl_buf.h */ = {isa = PBXFileReference; fileEncoding = 4; lastKnownFileType = sourcecode.c.h; name = yajl_buf.h; path = ../src/yajl_buf.h; sourceTree = SOURCE_ROOT; };
		DF400B0B0FB0EA44009B5CF4 /* yajl_encode.c */ = {isa = PBXFileReference; fileEncoding = 4; lastKnownFileType = sourcecode.c.c; name = yajl_encode.c; path = ../src/yajl_encode.c; sourceTree = SOURCE_ROOT; };
		DF400B0C0FB0EA44009B5CF4 /* yajl_encode.h */ = {isa = PBXFileReference; fileEncoding = 4; lastKnownFileType = sourcecode.c.h; name = yajl_encode.h; path = ../src/yajl_encode.h; sourceTree = SOURCE_ROOT; };
		DF400B0D0FB0EA44009B5CF4 /* yajl_gen.c */ = {isa = PBXFileReference; fileEncoding = 4; lastKnownFileType = sourcecode.c.c; name = yajl_gen.c; path = ../src/yajl_gen.c; sourceTree = SOURCE_ROOT; };
		DF400B0E0FB0EA44009B5CF4 /* yajl_lex.c */ = {isa = PBXFileReference; fileEncoding = 4; lastKnownFileType = sourcecode.c.c; name = yajl_lex.c; path = ../src/yajl_lex.c; sourceTree = SOURCE_ROOT; };
		DF400B0F0FB0EA44009B5CF4 /* yajl_lex.h */ = {isa = PBXFileReference; fileEncoding = 4; lastKnownFileType = sourcecode.c.h; name = yajl_lex.h; path = ../src/yajl_lex.h; sourceTree = SOURCE_ROOT; };
		DF400B100FB0EA44009B5CF4 /* yajl_parser.c */ = {isa = PBXFileReference; fileEncoding = 4; lastKnownFileType = sourcecode.c.c; name = yajl_parser.c; path = ../src/yajl_parser.c; sourceTree = SOURCE_ROOT; };
		DF400B110FB0EA44009B5CF4 /* yajl_parser.h */ = {isa = PBXFileReference; fileEncoding = 4; lastKnownFileType = sourcecode.c.h; name = yajl_parser.h; path = ../src/yajl_parser.h; sourceTree = SOURCE_ROOT; };
		DF400B1E0FB0EA50009B5CF4 /* yajl_common.h */ = {isa = PBXFileReference; fileEncoding = 4; lastKnownFileType = sourcecode.c.h; name = yajl_common.h; path = ../src/api/yajl_common.h; sourceTree = SOURCE_ROOT; };
		DF400B1F0FB0EA50009B5CF4 /* yajl_gen.h */ = {isa = PBXFileReference; fileEncoding = 4; lastKnownFileType = sourcecode.c.h; name = yajl_gen.h; path = ../src/api/yajl_gen.h; sourceTree = SOURCE_ROOT; };
		DF400B200FB0EA50009B5CF4 /* yajl_parse.h */ = {isa = PBXFileReference; fileEncoding = 4; lastKnownFileType = sourcecode.c.h; name = yajl_parse.h; path = ../src/api/yajl_parse.h; sourceTree = SOURCE_ROOT; };
		DF6D06240FE1A51800CC44C6 /* BUILDING */ = {isa = PBXFileReference; fileEncoding = 4; lastKnownFileType = text; name = BUILDING; path = ../BUILDING; sourceTree = SOURCE_ROOT; };
		DF6D06250FE1A51800CC44C6 /* ChangeLog */ = {isa = PBXFileReference; fileEncoding = 4; lastKnownFileType = text; name = ChangeLog; path = ../ChangeLog; sourceTree = SOURCE_ROOT; };
		DF6D06260FE1A51800CC44C6 /* COPYING */ = {isa = PBXFileReference; fileEncoding = 4; lastKnownFileType = text; name = COPYING; path = ../COPYING; sourceTree = SOURCE_ROOT; };
		DF6D06270FE1A51800CC44C6 /* README */ = {isa = PBXFileReference; fileEncoding = 4; lastKnownFileType = text; name = README; path = ../README; sourceTree = SOURCE_ROOT; };
		DF6D06280FE1A51800CC44C6 /* TODO */ = {isa = PBXFileReference; fileEncoding = 4; lastKnownFileType = text; name = TODO; path = ../TODO; sourceTree = SOURCE_ROOT; };
		DF6D06290FE1A51F00CC44C6 /* rfc4627.txt */ = {isa = PBXFileReference; fileEncoding = 4; lastKnownFileType = text; name = rfc4627.txt; path = ../rfc4627.txt; sourceTree = SOURCE_ROOT; };
		DFB4D55F0FC485F800A1EBEE /* yajl_bytestack.h */ = {isa = PBXFileReference; fileEncoding = 4; lastKnownFileType = sourcecode.c.h; name = yajl_bytestack.h; path = ../src/yajl_bytestack.h; sourceTree = SOURCE_ROOT; };
/* End PBXFileReference section */

/* Begin PBXFrameworksBuildPhase section */
		D289987405E68DCB004EDB86 /* Frameworks */ = {
			isa = PBXFrameworksBuildPhase;
			buildActionMask = 2147483647;
			files = (
			);
			runOnlyForDeploymentPostprocessing = 0;
		};
/* End PBXFrameworksBuildPhase section */

/* Begin PBXGroup section */
		08FB7794FE84155DC02AAC07 /* yajl_iphone */ = {
			isa = PBXGroup;
			children = (
				DF400B240FB0EA68009B5CF4 /* Common Headers */,
				08FB7795FE84155DC02AAC07 /* Source */,
				C6A0FF2B0290797F04C91782 /* Documentation */,
				1AB674ADFE9D54B511CA2CBB /* Products */,
			);
			name = yajl_iphone;
			sourceTree = "<group>";
		};
		08FB7795FE84155DC02AAC07 /* Source */ = {
			isa = PBXGroup;
			children = (
				DFB4D55F0FC485F800A1EBEE /* yajl_bytestack.h */,
				DF400B060FB0EA44009B5CF4 /* yajl.c */,
				DF400B070FB0EA44009B5CF4 /* yajl_alloc.c */,
				DF400B080FB0EA44009B5CF4 /* yajl_alloc.h */,
				DF400B090FB0EA44009B5CF4 /* yajl_buf.c */,
				DF400B0A0FB0EA44009B5CF4 /* yajl_buf.h */,
				DF400B0B0FB0EA44009B5CF4 /* yajl_encode.c */,
				DF400B0C0FB0EA44009B5CF4 /* yajl_encode.h */,
				DF400B0D0FB0EA44009B5CF4 /* yajl_gen.c */,
				DF400B0E0FB0EA44009B5CF4 /* yajl_lex.c */,
				DF400B0F0FB0EA44009B5CF4 /* yajl_lex.h */,
				DF400B100FB0EA44009B5CF4 /* yajl_parser.c */,
				DF400B110FB0EA44009B5CF4 /* yajl_parser.h */,
			);
			name = Source;
			sourceTree = "<group>";
		};
		1AB674ADFE9D54B511CA2CBB /* Products */ = {
			isa = PBXGroup;
			children = (
				D2AAC046055464E500DB518D /* libyajl_iphone.a */,
			);
			name = Products;
			sourceTree = "<group>";
		};
		C6A0FF2B0290797F04C91782 /* Documentation */ = {
			isa = PBXGroup;
			children = (
				DF6D06290FE1A51F00CC44C6 /* rfc4627.txt */,
				DF6D06240FE1A51800CC44C6 /* BUILDING */,
				DF6D06250FE1A51800CC44C6 /* ChangeLog */,
				DF6D06260FE1A51800CC44C6 /* COPYING */,
				DF6D06270FE1A51800CC44C6 /* README */,
				DF6D06280FE1A51800CC44C6 /* TODO */,
			);
			name = Documentation;
			sourceTree = "<group>";
		};
		DF400B240FB0EA68009B5CF4 /* Common Headers */ = {
			isa = PBXGroup;
			children = (
				DF400B1E0FB0EA50009B5CF4 /* yajl_common.h */,
				DF400B1F0FB0EA50009B5CF4 /* yajl_gen.h */,
				DF400B200FB0EA50009B5CF4 /* yajl_parse.h */,
			);
			name = "Common Headers";
			sourceTree = "<group>";
		};
/* End PBXGroup section */

/* Begin PBXHeadersBuildPhase section */
		D2AAC043055464E500DB518D /* Headers */ = {
			isa = PBXHeadersBuildPhase;
			buildActionMask = 2147483647;
			files = (
				DF400B210FB0EA50009B5CF4 /* yajl_common.h in Headers */,
				DF400B220FB0EA50009B5CF4 /* yajl_gen.h in Headers */,
				DF400B230FB0EA50009B5CF4 /* yajl_parse.h in Headers */,
				DFB4D5600FC485F800A1EBEE /* yajl_bytestack.h in Headers */,
			);
			runOnlyForDeploymentPostprocessing = 0;
		};
/* End PBXHeadersBuildPhase section */

/* Begin PBXNativeTarget section */
		D2AAC045055464E500DB518D /* libyajl */ = {
			isa = PBXNativeTarget;
			buildConfigurationList = 1DEB91EB08733DB70010E9CD /* Build configuration list for PBXNativeTarget "libyajl" */;
			buildPhases = (
				D2AAC043055464E500DB518D /* Headers */,
				D2AAC044055464E500DB518D /* Sources */,
				D289987405E68DCB004EDB86 /* Frameworks */,
			);
			buildRules = (
			);
			dependencies = (
			);
			name = libyajl;
			productName = yajl_iphone;
			productReference = D2AAC046055464E500DB518D /* libyajl_iphone.a */;
			productType = "com.apple.product-type.library.static";
		};
/* End PBXNativeTarget section */

/* Begin PBXProject section */
		08FB7793FE84155DC02AAC07 /* Project object */ = {
			isa = PBXProject;
			buildConfigurationList = 1DEB91EF08733DB70010E9CD /* Build configuration list for PBXProject "yajl_iphone" */;
			compatibilityVersion = "Xcode 3.1";
			hasScannedForEncodings = 1;
			mainGroup = 08FB7794FE84155DC02AAC07 /* yajl_iphone */;
			projectDirPath = "";
			projectRoot = "";
			targets = (
				D2AAC045055464E500DB518D /* libyajl */,
			);
		};
/* End PBXProject section */

/* Begin PBXSourcesBuildPhase section */
		D2AAC044055464E500DB518D /* Sources */ = {
			isa = PBXSourcesBuildPhase;
			buildActionMask = 2147483647;
			files = (
				DF400B120FB0EA44009B5CF4 /* yajl.c in Sources */,
				DF400B130FB0EA44009B5CF4 /* yajl_alloc.c in Sources */,
				DF400B150FB0EA44009B5CF4 /* yajl_buf.c in Sources */,
				DF400B170FB0EA44009B5CF4 /* yajl_encode.c in Sources */,
				DF400B190FB0EA44009B5CF4 /* yajl_gen.c in Sources */,
				DF400B1A0FB0EA44009B5CF4 /* yajl_lex.c in Sources */,
				DF400B1C0FB0EA44009B5CF4 /* yajl_parser.c in Sources */,
			);
			runOnlyForDeploymentPostprocessing = 0;
		};
/* End PBXSourcesBuildPhase section */

/* Begin XCBuildConfiguration section */
		1DEB91EC08733DB70010E9CD /* Debug */ = {
			isa = XCBuildConfiguration;
			buildSettings = {
				ALWAYS_SEARCH_USER_PATHS = NO;
				COPY_PHASE_STRIP = NO;
				GCC_DYNAMIC_NO_PIC = NO;
				GCC_ENABLE_FIX_AND_CONTINUE = YES;
				GCC_MODEL_TUNING = G5;
				GCC_OPTIMIZATION_LEVEL = 0;
				INSTALL_PATH = /usr/local/lib;
				PRODUCT_NAME = yajl_iphone;
				SDKROOT = iphonesimulator2.2.1;
			};
			name = Debug;
		};
		1DEB91ED08733DB70010E9CD /* Release */ = {
			isa = XCBuildConfiguration;
			buildSettings = {
				ALWAYS_SEARCH_USER_PATHS = NO;
				DEBUG_INFORMATION_FORMAT = "dwarf-with-dsym";
				GCC_MODEL_TUNING = G5;
				INSTALL_PATH = /usr/local/lib;
				PRODUCT_NAME = yajl_iphone;
			};
			name = Release;
		};
		1DEB91F008733DB70010E9CD /* Debug */ = {
			isa = XCBuildConfiguration;
			buildSettings = {
				ARCHS = "$(ARCHS_STANDARD_32_BIT)";
				GCC_C_LANGUAGE_STANDARD = c99;
				GCC_OPTIMIZATION_LEVEL = 0;
				GCC_WARN_ABOUT_RETURN_TYPE = YES;
				GCC_WARN_UNUSED_VARIABLE = YES;
				HEADER_SEARCH_PATHS = "$SRCROOT/../**";
				ONLY_ACTIVE_ARCH = YES;
				PREBINDING = NO;
				SDKROOT = iphoneos2.2.1;
			};
			name = Debug;
		};
		1DEB91F108733DB70010E9CD /* Release */ = {
			isa = XCBuildConfiguration;
			buildSettings = {
				ARCHS = "$(ARCHS_STANDARD_32_BIT)";
				GCC_C_LANGUAGE_STANDARD = c99;
				GCC_WARN_ABOUT_RETURN_TYPE = YES;
				GCC_WARN_UNUSED_VARIABLE = YES;
				HEADER_SEARCH_PATHS = "$SRCROOT/../**";
				PREBINDING = NO;
				SDKROOT = iphoneos2.2.1;
			};
			name = Release;
		};
/* End XCBuildConfiguration section */

/* Begin XCConfigurationList section */
		1DEB91EB08733DB70010E9CD /* Build configuration list for PBXNativeTarget "libyajl" */ = {
			isa = XCConfigurationList;
			buildConfigurations = (
				1DEB91EC08733DB70010E9CD /* Debug */,
				1DEB91ED08733DB70010E9CD /* Release */,
			);
			defaultConfigurationIsVisible = 0;
			defaultConfigurationName = Release;
		};
		1DEB91EF08733DB70010E9CD /* Build configuration list for PBXProject "yajl_iphone" */ = {
			isa = XCConfigurationList;
			buildConfigurations = (
				1DEB91F008733DB70010E9CD /* Debug */,
				1DEB91F108733DB70010E9CD /* Release */,
			);
			defaultConfigurationIsVisible = 0;
			defaultConfigurationName = Release;
		};
/* End XCConfigurationList section */
	};
	rootObject = 08FB7793FE84155DC02AAC07 /* Project object */;
}
